
Microsoft Visual Studio Solution File, Format Version 12.00
# Visual Studio Version 17
VisualStudioVersion = 17.2.32630.192
MinimumVisualStudioVersion = 10.0.40219.1
Project("{FAE04EC0-301F-11D3-BF4B-00C04F79EFBC}") = "ApacheKafkaProducerDemo", "ApacheKafkaProducerDemo\ApacheKafkaProducerDemo.csproj", "{30DE331C-4515-488A-9098-997079E7FE74}"
EndProject
Project("{FAE04EC0-301F-11D3-BF4B-00C04F79EFBC}") = "ApacheKafkaConsumerDemo", "ApacheKafkaConsumerDemo\ApacheKafkaConsumerDemo.csproj", "{5F4B6C91-A7D4-4C7C-80C5-91A72EB3AFBF}"
EndProject
Global
	GlobalSection(SolutionConfigurationPlatforms) = preSolution
		Debug|Any CPU = Debug|Any CPU
		Release|Any CPU = Release|Any CPU
	EndGlobalSection
	GlobalSection(ProjectConfigurationPlatforms) = postSolution
		{30DE331C-4515-488A-9098-997079E7FE74}.Debug|Any CPU.ActiveCfg = Debug|Any CPU
		{30DE331C-4515-488A-9098-997079E7FE74}.Debug|Any CPU.Build.0 = Debug|Any CPU
		{30DE331C-4515-488A-9098-997079E7FE74}.Release|Any CPU.ActiveCfg = Release|Any CPU
		{30DE331C-4515-488A-9098-997079E7FE74}.Release|Any CPU.Build.0 = Release|Any CPU
		{5F4B6C91-A7D4-4C7C-80C5-91A72EB3AFBF}.Debug|Any CPU.ActiveCfg = Debug|Any CPU
		{5F4B6C91-A7D4-4C7C-80C5-91A72EB3AFBF}.Debug|Any CPU.Build.0 = Debug|Any CPU
		{5F4B6C91-A7D4-4C7C-80C5-91A72EB3AFBF}.Release|Any CPU.ActiveCfg = Release|Any CPU
		{5F4B6C91-A7D4-4C7C-80C5-91A72EB3AFBF}.Release|Any CPU.Build.0 = Release|Any CPU
	EndGlobalSection
	GlobalSection(SolutionProperties) = preSolution
		HideSolutionNode = FALSE
	EndGlobalSection
	GlobalSection(ExtensibilityGlobals) = postSolution
		SolutionGuid = {9BFB2512-0C93-460F-91F2-0ECABA285232}
	EndGlobalSection
EndGlobal
